
Microsoft Visual Studio Solution File, Format Version 12.00
# Visual Studio Version 16
VisualStudioVersion = 16.0.29806.167
MinimumVisualStudioVersion = 10.0.40219.1
Project("{FAE04EC0-301F-11D3-BF4B-00C04F79EFBC}") = "FakerConsoleApp", "FakerConsoleApp\FakerConsoleApp.csproj", "{9C516C2C-A5F6-43D3-9C63-B3FB0501221B}"
EndProject
Project("{FAE04EC0-301F-11D3-BF4B-00C04F79EFBC}") = "FakerLib", "FakerLib\FakerLib.csproj", "{35C252B3-E1C4-4683-9C0E-2E1286B1CB6E}"
EndProject
Global
	GlobalSection(SolutionConfigurationPlatforms) = preSolution
		Debug|Any CPU = Debug|Any CPU
		Release|Any CPU = Release|Any CPU
	EndGlobalSection
	GlobalSection(ProjectConfigurationPlatforms) = postSolution
		{9C516C2C-A5F6-43D3-9C63-B3FB0501221B}.Debug|Any CPU.ActiveCfg = Debug|Any CPU
		{9C516C2C-A5F6-43D3-9C63-B3FB0501221B}.Debug|Any CPU.Build.0 = Debug|Any CPU
		{9C516C2C-A5F6-43D3-9C63-B3FB0501221B}.Release|Any CPU.ActiveCfg = Release|Any CPU
		{9C516C2C-A5F6-43D3-9C63-B3FB0501221B}.Release|Any CPU.Build.0 = Release|Any CPU
		{35C252B3-E1C4-4683-9C0E-2E1286B1CB6E}.Debug|Any CPU.ActiveCfg = Debug|Any CPU
		{35C252B3-E1C4-4683-9C0E-2E1286B1CB6E}.Debug|Any CPU.Build.0 = Debug|Any CPU
		{35C252B3-E1C4-4683-9C0E-2E1286B1CB6E}.Release|Any CPU.ActiveCfg = Release|Any CPU
		{35C252B3-E1C4-4683-9C0E-2E1286B1CB6E}.Release|Any CPU.Build.0 = Release|Any CPU
	EndGlobalSection
	GlobalSection(SolutionProperties) = preSolution
		HideSolutionNode = FALSE
	EndGlobalSection
	GlobalSection(ExtensibilityGlobals) = postSolution
		SolutionGuid = {C4FCA770-DAB5-4B81-9251-70CFC96A7093}
	EndGlobalSection
EndGlobal
